// !$*UTF8*$!
{
	archiveVersion = 1;
	classes = {
	};
	objectVersion = 46;
	objects = {

/* Begin PBXBuildFile section */
		8637B6421971DEDB00376765 /* RanchanThreadListTableViewCell.m in Sources */ = {isa = PBXBuildFile; fileRef = 8637B6411971DEDB00376765 /* RanchanThreadListTableViewCell.m */; };
		8679FC651971AD8C0098DF2B /* RanchanThreadItemModel.m in Sources */ = {isa = PBXBuildFile; fileRef = 8679FC641971AD8C0098DF2B /* RanchanThreadItemModel.m */; };
		8688E5711970CA5200A8414A /* RanchanTestHarness.m in Sources */ = {isa = PBXBuildFile; fileRef = 8688E5701970CA5200A8414A /* RanchanTestHarness.m */; };
		868D14AC196CC68B00F3842A /* Foundation.framework in Frameworks */ = {isa = PBXBuildFile; fileRef = 868D14AB196CC68B00F3842A /* Foundation.framework */; };
		868D14AE196CC68B00F3842A /* CoreGraphics.framework in Frameworks */ = {isa = PBXBuildFile; fileRef = 868D14AD196CC68B00F3842A /* CoreGraphics.framework */; };
		868D14B0196CC68B00F3842A /* UIKit.framework in Frameworks */ = {isa = PBXBuildFile; fileRef = 868D14AF196CC68B00F3842A /* UIKit.framework */; };
		868D14B6196CC68B00F3842A /* InfoPlist.strings in Resources */ = {isa = PBXBuildFile; fileRef = 868D14B4196CC68B00F3842A /* InfoPlist.strings */; };
		868D14B8196CC68B00F3842A /* main.m in Sources */ = {isa = PBXBuildFile; fileRef = 868D14B7196CC68B00F3842A /* main.m */; };
		868D14BC196CC68B00F3842A /* RanchanAppDelegate.m in Sources */ = {isa = PBXBuildFile; fileRef = 868D14BB196CC68B00F3842A /* RanchanAppDelegate.m */; };
		868D14BE196CC68B00F3842A /* Images.xcassets in Resources */ = {isa = PBXBuildFile; fileRef = 868D14BD196CC68B00F3842A /* Images.xcassets */; };
		868D14C5196CC68B00F3842A /* XCTest.framework in Frameworks */ = {isa = PBXBuildFile; fileRef = 868D14C4196CC68B00F3842A /* XCTest.framework */; };
		868D14C6196CC68B00F3842A /* Foundation.framework in Frameworks */ = {isa = PBXBuildFile; fileRef = 868D14AB196CC68B00F3842A /* Foundation.framework */; };
		868D14C7196CC68B00F3842A /* UIKit.framework in Frameworks */ = {isa = PBXBuildFile; fileRef = 868D14AF196CC68B00F3842A /* UIKit.framework */; };
		868D14CF196CC68B00F3842A /* InfoPlist.strings in Resources */ = {isa = PBXBuildFile; fileRef = 868D14CD196CC68B00F3842A /* InfoPlist.strings */; };
		868D14D1196CC68B00F3842A /* iosAppTests.m in Sources */ = {isa = PBXBuildFile; fileRef = 868D14D0196CC68B00F3842A /* iosAppTests.m */; };
		868D14DB196CCCF000F3842A /* Main.storyboard in Resources */ = {isa = PBXBuildFile; fileRef = 868D14DA196CCCF000F3842A /* Main.storyboard */; };
		868D14DE196F502B00F3842A /* RanchanAddThreadItemViewController.m in Sources */ = {isa = PBXBuildFile; fileRef = 868D14DD196F502B00F3842A /* RanchanAddThreadItemViewController.m */; };
		868D14E1196F50CA00F3842A /* RanchanThreadListTableViewController.m in Sources */ = {isa = PBXBuildFile; fileRef = 868D14E0196F50CA00F3842A /* RanchanThreadListTableViewController.m */; };
		868D14E4196F5CC900F3842A /* RanchanThreadItem.m in Sources */ = {isa = PBXBuildFile; fileRef = 868D14E3196F5CC900F3842A /* RanchanThreadItem.m */; };
		B6CB5EF976F2425C9529510C /* libPods-iosAppTests.a in Frameworks */ = {isa = PBXBuildFile; fileRef = 15F019AC541D4B6284AD9E31 /* libPods-iosAppTests.a */; };
		E257C3D940864D03B7461FFB /* libPods-iosApp.a in Frameworks */ = {isa = PBXBuildFile; fileRef = 525D86CA01B349829BA94163 /* libPods-iosApp.a */; };
/* End PBXBuildFile section */

/* Begin PBXContainerItemProxy section */
		868D14C8196CC68B00F3842A /* PBXContainerItemProxy */ = {
			isa = PBXContainerItemProxy;
			containerPortal = 868D14A0196CC68B00F3842A /* Project object */;
			proxyType = 1;
			remoteGlobalIDString = 868D14A7196CC68B00F3842A;
			remoteInfo = iosApp;
		};
/* End PBXContainerItemProxy section */

/* Begin PBXFileReference section */
		15F019AC541D4B6284AD9E31 /* libPods-iosAppTests.a */ = {isa = PBXFileReference; explicitFileType = archive.ar; includeInIndex = 0; path = "libPods-iosAppTests.a"; sourceTree = BUILT_PRODUCTS_DIR; };
		1C4B12B415DC4BD5AAEF2AD8 /* Pods-iosAppTests.xcconfig */ = {isa = PBXFileReference; includeInIndex = 1; lastKnownFileType = text.xcconfig; name = "Pods-iosAppTests.xcconfig"; path = "Pods/Pods-iosAppTests.xcconfig"; sourceTree = "<group>"; };
		33D44309865748B1AE2FA97A /* Pods-iosApp.xcconfig */ = {isa = PBXFileReference; includeInIndex = 1; lastKnownFileType = text.xcconfig; name = "Pods-iosApp.xcconfig"; path = "Pods/Pods-iosApp.xcconfig"; sourceTree = "<group>"; };
		525D86CA01B349829BA94163 /* libPods-iosApp.a */ = {isa = PBXFileReference; explicitFileType = archive.ar; includeInIndex = 0; path = "libPods-iosApp.a"; sourceTree = BUILT_PRODUCTS_DIR; };
		8637B6401971DEDB00376765 /* RanchanThreadListTableViewCell.h */ = {isa = PBXFileReference; fileEncoding = 4; lastKnownFileType = sourcecode.c.h; name = RanchanThreadListTableViewCell.h; path = ../RanchanThreadListTableViewCell.h; sourceTree = "<group>"; };
		8637B6411971DEDB00376765 /* RanchanThreadListTableViewCell.m */ = {isa = PBXFileReference; fileEncoding = 4; lastKnownFileType = sourcecode.c.objc; name = RanchanThreadListTableViewCell.m; path = ../RanchanThreadListTableViewCell.m; sourceTree = "<group>"; };
		8679FC631971AD8C0098DF2B /* RanchanThreadItemModel.h */ = {isa = PBXFileReference; fileEncoding = 4; lastKnownFileType = sourcecode.c.h; path = RanchanThreadItemModel.h; sourceTree = "<group>"; };
		8679FC641971AD8C0098DF2B /* RanchanThreadItemModel.m */ = {isa = PBXFileReference; fileEncoding = 4; lastKnownFileType = sourcecode.c.objc; path = RanchanThreadItemModel.m; sourceTree = "<group>"; };
		8688E56F1970CA5200A8414A /* RanchanTestHarness.h */ = {isa = PBXFileReference; fileEncoding = 4; lastKnownFileType = sourcecode.c.h; path = RanchanTestHarness.h; sourceTree = "<group>"; };
		8688E5701970CA5200A8414A /* RanchanTestHarness.m */ = {isa = PBXFileReference; fileEncoding = 4; lastKnownFileType = sourcecode.c.objc; path = RanchanTestHarness.m; sourceTree = "<group>"; };
		868D14A8196CC68B00F3842A /* iosApp.app */ = {isa = PBXFileReference; explicitFileType = wrapper.application; includeInIndex = 0; path = iosApp.app; sourceTree = BUILT_PRODUCTS_DIR; };
		868D14AB196CC68B00F3842A /* Foundation.framework */ = {isa = PBXFileReference; lastKnownFileType = wrapper.framework; name = Foundation.framework; path = System/Library/Frameworks/Foundation.framework; sourceTree = SDKROOT; };
		868D14AD196CC68B00F3842A /* CoreGraphics.framework */ = {isa = PBXFileReference; lastKnownFileType = wrapper.framework; name = CoreGraphics.framework; path = System/Library/Frameworks/CoreGraphics.framework; sourceTree = SDKROOT; };
		868D14AF196CC68B00F3842A /* UIKit.framework */ = {isa = PBXFileReference; lastKnownFileType = wrapper.framework; name = UIKit.framework; path = System/Library/Frameworks/UIKit.framework; sourceTree = SDKROOT; };
		868D14B3196CC68B00F3842A /* iosApp-Info.plist */ = {isa = PBXFileReference; lastKnownFileType = text.plist.xml; path = "iosApp-Info.plist"; sourceTree = "<group>"; };
		868D14B5196CC68B00F3842A /* en */ = {isa = PBXFileReference; lastKnownFileType = text.plist.strings; name = en; path = en.lproj/InfoPlist.strings; sourceTree = "<group>"; };
		868D14B7196CC68B00F3842A /* main.m */ = {isa = PBXFileReference; lastKnownFileType = sourcecode.c.objc; path = main.m; sourceTree = "<group>"; };
		868D14B9196CC68B00F3842A /* iosApp-Prefix.pch */ = {isa = PBXFileReference; lastKnownFileType = sourcecode.c.h; path = "iosApp-Prefix.pch"; sourceTree = "<group>"; };
		868D14BA196CC68B00F3842A /* RanchanAppDelegate.h */ = {isa = PBXFileReference; lastKnownFileType = sourcecode.c.h; path = RanchanAppDelegate.h; sourceTree = "<group>"; };
		868D14BB196CC68B00F3842A /* RanchanAppDelegate.m */ = {isa = PBXFileReference; lastKnownFileType = sourcecode.c.objc; path = RanchanAppDelegate.m; sourceTree = "<group>"; };
		868D14BD196CC68B00F3842A /* Images.xcassets */ = {isa = PBXFileReference; lastKnownFileType = folder.assetcatalog; path = Images.xcassets; sourceTree = "<group>"; };
		868D14C3196CC68B00F3842A /* iosAppTests.xctest */ = {isa = PBXFileReference; explicitFileType = wrapper.cfbundle; includeInIndex = 0; path = iosAppTests.xctest; sourceTree = BUILT_PRODUCTS_DIR; };
		868D14C4196CC68B00F3842A /* XCTest.framework */ = {isa = PBXFileReference; lastKnownFileType = wrapper.framework; name = XCTest.framework; path = Library/Frameworks/XCTest.framework; sourceTree = DEVELOPER_DIR; };
		868D14CC196CC68B00F3842A /* iosAppTests-Info.plist */ = {isa = PBXFileReference; lastKnownFileType = text.plist.xml; path = "iosAppTests-Info.plist"; sourceTree = "<group>"; };
		868D14CE196CC68B00F3842A /* en */ = {isa = PBXFileReference; lastKnownFileType = text.plist.strings; name = en; path = en.lproj/InfoPlist.strings; sourceTree = "<group>"; };
		868D14D0196CC68B00F3842A /* iosAppTests.m */ = {isa = PBXFileReference; lastKnownFileType = sourcecode.c.objc; path = iosAppTests.m; sourceTree = "<group>"; };
		868D14DA196CCCF000F3842A /* Main.storyboard */ = {isa = PBXFileReference; fileEncoding = 4; lastKnownFileType = file.storyboard; path = Main.storyboard; sourceTree = "<group>"; };
		868D14DC196F502B00F3842A /* RanchanAddThreadItemViewController.h */ = {isa = PBXFileReference; fileEncoding = 4; lastKnownFileType = sourcecode.c.h; path = RanchanAddThreadItemViewController.h; sourceTree = "<group>"; };
		868D14DD196F502B00F3842A /* RanchanAddThreadItemViewController.m */ = {isa = PBXFileReference; fileEncoding = 4; lastKnownFileType = sourcecode.c.objc; path = RanchanAddThreadItemViewController.m; sourceTree = "<group>"; };
		868D14DF196F50CA00F3842A /* RanchanThreadListTableViewController.h */ = {isa = PBXFileReference; fileEncoding = 4; lastKnownFileType = sourcecode.c.h; path = RanchanThreadListTableViewController.h; sourceTree = "<group>"; };
		868D14E0196F50CA00F3842A /* RanchanThreadListTableViewController.m */ = {isa = PBXFileReference; fileEncoding = 4; lastKnownFileType = sourcecode.c.objc; path = RanchanThreadListTableViewController.m; sourceTree = "<group>"; };
		868D14E2196F5CC900F3842A /* RanchanThreadItem.h */ = {isa = PBXFileReference; fileEncoding = 4; lastKnownFileType = sourcecode.c.h; path = RanchanThreadItem.h; sourceTree = "<group>"; };
		868D14E3196F5CC900F3842A /* RanchanThreadItem.m */ = {isa = PBXFileReference; fileEncoding = 4; lastKnownFileType = sourcecode.c.objc; path = RanchanThreadItem.m; sourceTree = "<group>"; };
/* End PBXFileReference section */

/* Begin PBXFrameworksBuildPhase section */
		868D14A5196CC68B00F3842A /* Frameworks */ = {
			isa = PBXFrameworksBuildPhase;
			buildActionMask = 2147483647;
			files = (
				868D14AE196CC68B00F3842A /* CoreGraphics.framework in Frameworks */,
				868D14B0196CC68B00F3842A /* UIKit.framework in Frameworks */,
				868D14AC196CC68B00F3842A /* Foundation.framework in Frameworks */,
				E257C3D940864D03B7461FFB /* libPods-iosApp.a in Frameworks */,
			);
			runOnlyForDeploymentPostprocessing = 0;
		};
		868D14C0196CC68B00F3842A /* Frameworks */ = {
			isa = PBXFrameworksBuildPhase;
			buildActionMask = 2147483647;
			files = (
				868D14C5196CC68B00F3842A /* XCTest.framework in Frameworks */,
				868D14C7196CC68B00F3842A /* UIKit.framework in Frameworks */,
				868D14C6196CC68B00F3842A /* Foundation.framework in Frameworks */,
				B6CB5EF976F2425C9529510C /* libPods-iosAppTests.a in Frameworks */,
			);
			runOnlyForDeploymentPostprocessing = 0;
		};
/* End PBXFrameworksBuildPhase section */

/* Begin PBXGroup section */
		868D149F196CC68B00F3842A = {
			isa = PBXGroup;
			children = (
				868D14B1196CC68B00F3842A /* iosApp */,
				868D14CA196CC68B00F3842A /* iosAppTests */,
				868D14AA196CC68B00F3842A /* Frameworks */,
				868D14A9196CC68B00F3842A /* Products */,
				33D44309865748B1AE2FA97A /* Pods-iosApp.xcconfig */,
				1C4B12B415DC4BD5AAEF2AD8 /* Pods-iosAppTests.xcconfig */,
			);
			sourceTree = "<group>";
		};
		868D14A9196CC68B00F3842A /* Products */ = {
			isa = PBXGroup;
			children = (
				868D14A8196CC68B00F3842A /* iosApp.app */,
				868D14C3196CC68B00F3842A /* iosAppTests.xctest */,
			);
			name = Products;
			sourceTree = "<group>";
		};
		868D14AA196CC68B00F3842A /* Frameworks */ = {
			isa = PBXGroup;
			children = (
				868D14AB196CC68B00F3842A /* Foundation.framework */,
				868D14AD196CC68B00F3842A /* CoreGraphics.framework */,
				868D14AF196CC68B00F3842A /* UIKit.framework */,
				868D14C4196CC68B00F3842A /* XCTest.framework */,
				525D86CA01B349829BA94163 /* libPods-iosApp.a */,
				15F019AC541D4B6284AD9E31 /* libPods-iosAppTests.a */,
			);
			name = Frameworks;
			sourceTree = "<group>";
		};
		868D14B1196CC68B00F3842A /* iosApp */ = {
			isa = PBXGroup;
			children = (
				8637B6401971DEDB00376765 /* RanchanThreadListTableViewCell.h */,
				8637B6411971DEDB00376765 /* RanchanThreadListTableViewCell.m */,
				868D14BA196CC68B00F3842A /* RanchanAppDelegate.h */,
				868D14BB196CC68B00F3842A /* RanchanAppDelegate.m */,
				868D14DA196CCCF000F3842A /* Main.storyboard */,
				868D14DF196F50CA00F3842A /* RanchanThreadListTableViewController.h */,
				868D14E0196F50CA00F3842A /* RanchanThreadListTableViewController.m */,
				868D14E2196F5CC900F3842A /* RanchanThreadItem.h */,
				8679FC631971AD8C0098DF2B /* RanchanThreadItemModel.h */,
				8679FC641971AD8C0098DF2B /* RanchanThreadItemModel.m */,
				868D14E3196F5CC900F3842A /* RanchanThreadItem.m */,
				868D14DC196F502B00F3842A /* RanchanAddThreadItemViewController.h */,
				868D14DD196F502B00F3842A /* RanchanAddThreadItemViewController.m */,
				868D14BD196CC68B00F3842A /* Images.xcassets */,
				868D14B2196CC68B00F3842A /* Supporting Files */,
				8688E56F1970CA5200A8414A /* RanchanTestHarness.h */,
				8688E5701970CA5200A8414A /* RanchanTestHarness.m */,
			);
			path = iosApp;
			sourceTree = "<group>";
		};
		868D14B2196CC68B00F3842A /* Supporting Files */ = {
			isa = PBXGroup;
			children = (
				868D14B3196CC68B00F3842A /* iosApp-Info.plist */,
				868D14B4196CC68B00F3842A /* InfoPlist.strings */,
				868D14B7196CC68B00F3842A /* main.m */,
				868D14B9196CC68B00F3842A /* iosApp-Prefix.pch */,
			);
			name = "Supporting Files";
			sourceTree = "<group>";
		};
		868D14CA196CC68B00F3842A /* iosAppTests */ = {
			isa = PBXGroup;
			children = (
				868D14D0196CC68B00F3842A /* iosAppTests.m */,
				868D14CB196CC68B00F3842A /* Supporting Files */,
			);
			path = iosAppTests;
			sourceTree = "<group>";
		};
		868D14CB196CC68B00F3842A /* Supporting Files */ = {
			isa = PBXGroup;
			children = (
				868D14CC196CC68B00F3842A /* iosAppTests-Info.plist */,
				868D14CD196CC68B00F3842A /* InfoPlist.strings */,
			);
			name = "Supporting Files";
			sourceTree = "<group>";
		};
/* End PBXGroup section */

/* Begin PBXNativeTarget section */
		868D14A7196CC68B00F3842A /* iosApp */ = {
			isa = PBXNativeTarget;
			buildConfigurationList = 868D14D4196CC68B00F3842A /* Build configuration list for PBXNativeTarget "iosApp" */;
			buildPhases = (
				83C225B5D2EC4A57A184A8DD /* Check Pods Manifest.lock */,
				868D14A4196CC68B00F3842A /* Sources */,
				868D14A5196CC68B00F3842A /* Frameworks */,
				868D14A6196CC68B00F3842A /* Resources */,
				2565B02B070045309ECE2A51 /* Copy Pods Resources */,
			);
			buildRules = (
			);
			dependencies = (
			);
			name = iosApp;
			productName = iosApp;
			productReference = 868D14A8196CC68B00F3842A /* iosApp.app */;
			productType = "com.apple.product-type.application";
		};
		868D14C2196CC68B00F3842A /* iosAppTests */ = {
			isa = PBXNativeTarget;
			buildConfigurationList = 868D14D7196CC68B00F3842A /* Build configuration list for PBXNativeTarget "iosAppTests" */;
			buildPhases = (
				5665919556404AB59F9A16F0 /* Check Pods Manifest.lock */,
				868D14BF196CC68B00F3842A /* Sources */,
				868D14C0196CC68B00F3842A /* Frameworks */,
				868D14C1196CC68B00F3842A /* Resources */,
				577483F1A7234A2583115F6D /* Copy Pods Resources */,
			);
			buildRules = (
			);
			dependencies = (
				868D14C9196CC68B00F3842A /* PBXTargetDependency */,
			);
			name = iosAppTests;
			productName = iosAppTests;
			productReference = 868D14C3196CC68B00F3842A /* iosAppTests.xctest */;
			productType = "com.apple.product-type.bundle.unit-test";
		};
/* End PBXNativeTarget section */

/* Begin PBXProject section */
		868D14A0196CC68B00F3842A /* Project object */ = {
			isa = PBXProject;
			attributes = {
				CLASSPREFIX = Ranchan;
				LastUpgradeCheck = 0500;
				ORGANIZATIONNAME = "Chanapps Software LLC";
				TargetAttributes = {
					868D14C2196CC68B00F3842A = {
						TestTargetID = 868D14A7196CC68B00F3842A;
					};
				};
			};
			buildConfigurationList = 868D14A3196CC68B00F3842A /* Build configuration list for PBXProject "iosApp" */;
			compatibilityVersion = "Xcode 3.2";
			developmentRegion = English;
			hasScannedForEncodings = 0;
			knownRegions = (
				en,
			);
			mainGroup = 868D149F196CC68B00F3842A;
			productRefGroup = 868D14A9196CC68B00F3842A /* Products */;
			projectDirPath = "";
			projectRoot = "";
			targets = (
				868D14A7196CC68B00F3842A /* iosApp */,
				868D14C2196CC68B00F3842A /* iosAppTests */,
			);
		};
/* End PBXProject section */

/* Begin PBXResourcesBuildPhase section */
		868D14A6196CC68B00F3842A /* Resources */ = {
			isa = PBXResourcesBuildPhase;
			buildActionMask = 2147483647;
			files = (
				868D14DB196CCCF000F3842A /* Main.storyboard in Resources */,
				868D14B6196CC68B00F3842A /* InfoPlist.strings in Resources */,
				868D14BE196CC68B00F3842A /* Images.xcassets in Resources */,
			);
			runOnlyForDeploymentPostprocessing = 0;
		};
		868D14C1196CC68B00F3842A /* Resources */ = {
			isa = PBXResourcesBuildPhase;
			buildActionMask = 2147483647;
			files = (
				868D14CF196CC68B00F3842A /* InfoPlist.strings in Resources */,
			);
			runOnlyForDeploymentPostprocessing = 0;
		};
/* End PBXResourcesBuildPhase section */

/* Begin PBXShellScriptBuildPhase section */
		2565B02B070045309ECE2A51 /* Copy Pods Resources */ = {
			isa = PBXShellScriptBuildPhase;
			buildActionMask = 2147483647;
			files = (
			);
			inputPaths = (
			);
			name = "Copy Pods Resources";
			outputPaths = (
			);
			runOnlyForDeploymentPostprocessing = 0;
			shellPath = /bin/sh;
			shellScript = "\"${SRCROOT}/Pods/Pods-iosApp-resources.sh\"\n";
			showEnvVarsInLog = 0;
		};
		5665919556404AB59F9A16F0 /* Check Pods Manifest.lock */ = {
			isa = PBXShellScriptBuildPhase;
			buildActionMask = 2147483647;
			files = (
			);
			inputPaths = (
			);
			name = "Check Pods Manifest.lock";
			outputPaths = (
			);
			runOnlyForDeploymentPostprocessing = 0;
			shellPath = /bin/sh;
			shellScript = "diff \"${PODS_ROOT}/../Podfile.lock\" \"${PODS_ROOT}/Manifest.lock\" > /dev/null\nif [[ $? != 0 ]] ; then\n    cat << EOM\nerror: The sandbox is not in sync with the Podfile.lock. Run 'pod install' or update your CocoaPods installation.\nEOM\n    exit 1\nfi\n";
			showEnvVarsInLog = 0;
		};
		577483F1A7234A2583115F6D /* Copy Pods Resources */ = {
			isa = PBXShellScriptBuildPhase;
			buildActionMask = 2147483647;
			files = (
			);
			inputPaths = (
			);
			name = "Copy Pods Resources";
			outputPaths = (
			);
			runOnlyForDeploymentPostprocessing = 0;
			shellPath = /bin/sh;
			shellScript = "\"${SRCROOT}/Pods/Pods-iosAppTests-resources.sh\"\n";
			showEnvVarsInLog = 0;
		};
		83C225B5D2EC4A57A184A8DD /* Check Pods Manifest.lock */ = {
			isa = PBXShellScriptBuildPhase;
			buildActionMask = 2147483647;
			files = (
			);
			inputPaths = (
			);
			name = "Check Pods Manifest.lock";
			outputPaths = (
			);
			runOnlyForDeploymentPostprocessing = 0;
			shellPath = /bin/sh;
			shellScript = "diff \"${PODS_ROOT}/../Podfile.lock\" \"${PODS_ROOT}/Manifest.lock\" > /dev/null\nif [[ $? != 0 ]] ; then\n    cat << EOM\nerror: The sandbox is not in sync with the Podfile.lock. Run 'pod install' or update your CocoaPods installation.\nEOM\n    exit 1\nfi\n";
			showEnvVarsInLog = 0;
		};
/* End PBXShellScriptBuildPhase section */

/* Begin PBXSourcesBuildPhase section */
		868D14A4196CC68B00F3842A /* Sources */ = {
			isa = PBXSourcesBuildPhase;
			buildActionMask = 2147483647;
			files = (
				8679FC651971AD8C0098DF2B /* RanchanThreadItemModel.m in Sources */,
				8688E5711970CA5200A8414A /* RanchanTestHarness.m in Sources */,
				8637B6421971DEDB00376765 /* RanchanThreadListTableViewCell.m in Sources */,
				868D14BC196CC68B00F3842A /* RanchanAppDelegate.m in Sources */,
				868D14E4196F5CC900F3842A /* RanchanThreadItem.m in Sources */,
				868D14B8196CC68B00F3842A /* main.m in Sources */,
				868D14E1196F50CA00F3842A /* RanchanThreadListTableViewController.m in Sources */,
				868D14DE196F502B00F3842A /* RanchanAddThreadItemViewController.m in Sources */,
			);
			runOnlyForDeploymentPostprocessing = 0;
		};
		868D14BF196CC68B00F3842A /* Sources */ = {
			isa = PBXSourcesBuildPhase;
			buildActionMask = 2147483647;
			files = (
				868D14D1196CC68B00F3842A /* iosAppTests.m in Sources */,
			);
			runOnlyForDeploymentPostprocessing = 0;
		};
/* End PBXSourcesBuildPhase section */

/* Begin PBXTargetDependency section */
		868D14C9196CC68B00F3842A /* PBXTargetDependency */ = {
			isa = PBXTargetDependency;
			target = 868D14A7196CC68B00F3842A /* iosApp */;
			targetProxy = 868D14C8196CC68B00F3842A /* PBXContainerItemProxy */;
		};
/* End PBXTargetDependency section */

/* Begin PBXVariantGroup section */
		868D14B4196CC68B00F3842A /* InfoPlist.strings */ = {
			isa = PBXVariantGroup;
			children = (
				868D14B5196CC68B00F3842A /* en */,
			);
			name = InfoPlist.strings;
			sourceTree = "<group>";
		};
		868D14CD196CC68B00F3842A /* InfoPlist.strings */ = {
			isa = PBXVariantGroup;
			children = (
				868D14CE196CC68B00F3842A /* en */,
			);
			name = InfoPlist.strings;
			sourceTree = "<group>";
		};
/* End PBXVariantGroup section */

/* Begin XCBuildConfiguration section */
		868D14D2196CC68B00F3842A /* Debug */ = {
			isa = XCBuildConfiguration;
			buildSettings = {
				ALWAYS_SEARCH_USER_PATHS = NO;
				ARCHS = "$(ARCHS_STANDARD_INCLUDING_64_BIT)";
				CLANG_CXX_LANGUAGE_STANDARD = "gnu++0x";
				CLANG_CXX_LIBRARY = "libc++";
				CLANG_ENABLE_MODULES = YES;
				CLANG_ENABLE_OBJC_ARC = YES;
				CLANG_WARN_BOOL_CONVERSION = YES;
				CLANG_WARN_CONSTANT_CONVERSION = YES;
				CLANG_WARN_DIRECT_OBJC_ISA_USAGE = YES_ERROR;
				CLANG_WARN_EMPTY_BODY = YES;
				CLANG_WARN_ENUM_CONVERSION = YES;
				CLANG_WARN_INT_CONVERSION = YES;
				CLANG_WARN_OBJC_ROOT_CLASS = YES_ERROR;
				CLANG_WARN__DUPLICATE_METHOD_MATCH = YES;
				"CODE_SIGN_IDENTITY[sdk=iphoneos*]" = "iPhone Developer";
				COPY_PHASE_STRIP = NO;
				GCC_C_LANGUAGE_STANDARD = gnu99;
				GCC_DYNAMIC_NO_PIC = NO;
				GCC_OPTIMIZATION_LEVEL = 0;
				GCC_PREPROCESSOR_DEFINITIONS = (
					"DEBUG=1",
					"$(inherited)",
				);
				GCC_SYMBOLS_PRIVATE_EXTERN = NO;
				GCC_WARN_64_TO_32_BIT_CONVERSION = YES;
				GCC_WARN_ABOUT_RETURN_TYPE = YES_ERROR;
				GCC_WARN_UNDECLARED_SELECTOR = YES;
				GCC_WARN_UNINITIALIZED_AUTOS = YES;
				GCC_WARN_UNUSED_FUNCTION = YES;
				GCC_WARN_UNUSED_VARIABLE = YES;
				IPHONEOS_DEPLOYMENT_TARGET = 7.0;
				ONLY_ACTIVE_ARCH = YES;
				SDKROOT = iphoneos;
			};
			name = Debug;
		};
		868D14D3196CC68B00F3842A /* Release */ = {
			isa = XCBuildConfiguration;
			buildSettings = {
				ALWAYS_SEARCH_USER_PATHS = NO;
				ARCHS = "$(ARCHS_STANDARD_INCLUDING_64_BIT)";
				CLANG_CXX_LANGUAGE_STANDARD = "gnu++0x";
				CLANG_CXX_LIBRARY = "libc++";
				CLANG_ENABLE_MODULES = YES;
				CLANG_ENABLE_OBJC_ARC = YES;
				CLANG_WARN_BOOL_CONVERSION = YES;
				CLANG_WARN_CONSTANT_CONVERSION = YES;
				CLANG_WARN_DIRECT_OBJC_ISA_USAGE = YES_ERROR;
				CLANG_WARN_EMPTY_BODY = YES;
				CLANG_WARN_ENUM_CONVERSION = YES;
				CLANG_WARN_INT_CONVERSION = YES;
				CLANG_WARN_OBJC_ROOT_CLASS = YES_ERROR;
				CLANG_WARN__DUPLICATE_METHOD_MATCH = YES;
				"CODE_SIGN_IDENTITY[sdk=iphoneos*]" = "iPhone Developer";
				COPY_PHASE_STRIP = YES;
				ENABLE_NS_ASSERTIONS = NO;
				GCC_C_LANGUAGE_STANDARD = gnu99;
				GCC_WARN_64_TO_32_BIT_CONVERSION = YES;
				GCC_WARN_ABOUT_RETURN_TYPE = YES_ERROR;
				GCC_WARN_UNDECLARED_SELECTOR = YES;
				GCC_WARN_UNINITIALIZED_AUTOS = YES;
				GCC_WARN_UNUSED_FUNCTION = YES;
				GCC_WARN_UNUSED_VARIABLE = YES;
				IPHONEOS_DEPLOYMENT_TARGET = 7.0;
				SDKROOT = iphoneos;
				VALIDATE_PRODUCT = YES;
			};
			name = Release;
		};
		868D14D5196CC68B00F3842A /* Debug */ = {
			isa = XCBuildConfiguration;
			baseConfigurationReference = 33D44309865748B1AE2FA97A /* Pods-iosApp.xcconfig */;
			buildSettings = {
				ASSETCATALOG_COMPILER_APPICON_NAME = AppIcon;
				ASSETCATALOG_COMPILER_LAUNCHIMAGE_NAME = LaunchImage;
				GCC_PRECOMPILE_PREFIX_HEADER = YES;
				GCC_PREFIX_HEADER = "iosApp/iosApp-Prefix.pch";
				INFOPLIST_FILE = "iosApp/iosApp-Info.plist";
				PRODUCT_NAME = iosApp;
				WRAPPER_EXTENSION = app;
			};
			name = Debug;
		};
		868D14D6196CC68B00F3842A /* Release */ = {
			isa = XCBuildConfiguration;
			baseConfigurationReference = 33D44309865748B1AE2FA97A /* Pods-iosApp.xcconfig */;
			buildSettings = {
				ASSETCATALOG_COMPILER_APPICON_NAME = AppIcon;
				ASSETCATALOG_COMPILER_LAUNCHIMAGE_NAME = LaunchImage;
				GCC_PRECOMPILE_PREFIX_HEADER = YES;
				GCC_PREFIX_HEADER = "iosApp/iosApp-Prefix.pch";
				INFOPLIST_FILE = "iosApp/iosApp-Info.plist";
				PRODUCT_NAME = iosApp;
				WRAPPER_EXTENSION = app;
			};
			name = Release;
		};
		868D14D8196CC68B00F3842A /* Debug */ = {
			isa = XCBuildConfiguration;
			baseConfigurationReference = 1C4B12B415DC4BD5AAEF2AD8 /* Pods-iosAppTests.xcconfig */;
			buildSettings = {
				ARCHS = "$(ARCHS_STANDARD_INCLUDING_64_BIT)";
				BUNDLE_LOADER = "$(BUILT_PRODUCTS_DIR)/iosApp.app/iosApp";
				FRAMEWORK_SEARCH_PATHS = (
					"$(SDKROOT)/Developer/Library/Frameworks",
					"$(inherited)",
					"$(DEVELOPER_FRAMEWORKS_DIR)",
				);
				GCC_PRECOMPILE_PREFIX_HEADER = YES;
				GCC_PREFIX_HEADER = "iosApp/iosApp-Prefix.pch";
				GCC_PREPROCESSOR_DEFINITIONS = (
					"DEBUG=1",
					"$(inherited)",
				);
				INFOPLIST_FILE = "iosAppTests/iosAppTests-Info.plist";
				PRODUCT_NAME = iosAppTests;
				TEST_HOST = "$(BUNDLE_LOADER)";
				WRAPPER_EXTENSION = xctest;
			};
			name = Debug;
		};
		868D14D9196CC68B00F3842A /* Release */ = {
			isa = XCBuildConfiguration;
			baseConfigurationReference = 1C4B12B415DC4BD5AAEF2AD8 /* Pods-iosAppTests.xcconfig */;
			buildSettings = {
				ARCHS = "$(ARCHS_STANDARD_INCLUDING_64_BIT)";
				BUNDLE_LOADER = "$(BUILT_PRODUCTS_DIR)/iosApp.app/iosApp";
				FRAMEWORK_SEARCH_PATHS = (
					"$(SDKROOT)/Developer/Library/Frameworks",
					"$(inherited)",
					"$(DEVELOPER_FRAMEWORKS_DIR)",
				);
				GCC_PRECOMPILE_PREFIX_HEADER = YES;
				GCC_PREFIX_HEADER = "iosApp/iosApp-Prefix.pch";
				INFOPLIST_FILE = "iosAppTests/iosAppTests-Info.plist";
				PRODUCT_NAME = iosAppTests;
				TEST_HOST = "$(BUNDLE_LOADER)";
				WRAPPER_EXTENSION = xctest;
			};
			name = Release;
		};
/* End XCBuildConfiguration section */

/* Begin XCConfigurationList section */
		868D14A3196CC68B00F3842A /* Build configuration list for PBXProject "iosApp" */ = {
			isa = XCConfigurationList;
			buildConfigurations = (
				868D14D2196CC68B00F3842A /* Debug */,
				868D14D3196CC68B00F3842A /* Release */,
			);
			defaultConfigurationIsVisible = 0;
			defaultConfigurationName = Release;
		};
		868D14D4196CC68B00F3842A /* Build configuration list for PBXNativeTarget "iosApp" */ = {
			isa = XCConfigurationList;
			buildConfigurations = (
				868D14D5196CC68B00F3842A /* Debug */,
				868D14D6196CC68B00F3842A /* Release */,
			);
			defaultConfigurationIsVisible = 0;
			defaultConfigurationName = Release;
		};
		868D14D7196CC68B00F3842A /* Build configuration list for PBXNativeTarget "iosAppTests" */ = {
			isa = XCConfigurationList;
			buildConfigurations = (
				868D14D8196CC68B00F3842A /* Debug */,
				868D14D9196CC68B00F3842A /* Release */,
			);
			defaultConfigurationIsVisible = 0;
			defaultConfigurationName = Release;
		};
/* End XCConfigurationList section */
	};
	rootObject = 868D14A0196CC68B00F3842A /* Project object */;
}
